
Microsoft Visual Studio Solution File, Format Version 12.00
# Visual Studio Version 16
VisualStudioVersion = 16.6.30114.105
MinimumVisualStudioVersion = 10.0.40219.1
Project("{FAE04EC0-301F-11D3-BF4B-00C04F79EFBC}") = "API", "API\API.csproj", "{47C3657B-3073-4E73-B24A-B79B8BA10579}"
EndProject
Project("{FAE04EC0-301F-11D3-BF4B-00C04F79EFBC}") = "Application", "Application\Application.csproj", "{19FE1697-528F-4524-8035-0633D5BA9625}"
EndProject
Project("{FAE04EC0-301F-11D3-BF4B-00C04F79EFBC}") = "Persistence", "Persistence\Persistence.csproj", "{7CF8C1A4-7390-45A1-BF24-7377CC57FDF7}"
EndProject
Project("{FAE04EC0-301F-11D3-BF4B-00C04F79EFBC}") = "Domain", "Domain\Domain.csproj", "{12D88770-66EC-4787-9592-40EDA8043878}"
EndProject
Global
	GlobalSection(SolutionConfigurationPlatforms) = preSolution
		Debug|Any CPU = Debug|Any CPU
		Debug|x64 = Debug|x64
		Debug|x86 = Debug|x86
		Release|Any CPU = Release|Any CPU
		Release|x64 = Release|x64
		Release|x86 = Release|x86
	EndGlobalSection
	GlobalSection(SolutionProperties) = preSolution
		HideSolutionNode = FALSE
	EndGlobalSection
	GlobalSection(ProjectConfigurationPlatforms) = postSolution
		{47C3657B-3073-4E73-B24A-B79B8BA10579}.Debug|Any CPU.ActiveCfg = Debug|Any CPU
		{47C3657B-3073-4E73-B24A-B79B8BA10579}.Debug|Any CPU.Build.0 = Debug|Any CPU
		{47C3657B-3073-4E73-B24A-B79B8BA10579}.Debug|x64.ActiveCfg = Debug|Any CPU
		{47C3657B-3073-4E73-B24A-B79B8BA10579}.Debug|x64.Build.0 = Debug|Any CPU
		{47C3657B-3073-4E73-B24A-B79B8BA10579}.Debug|x86.ActiveCfg = Debug|Any CPU
		{47C3657B-3073-4E73-B24A-B79B8BA10579}.Debug|x86.Build.0 = Debug|Any CPU
		{47C3657B-3073-4E73-B24A-B79B8BA10579}.Release|Any CPU.ActiveCfg = Release|Any CPU
		{47C3657B-3073-4E73-B24A-B79B8BA10579}.Release|Any CPU.Build.0 = Release|Any CPU
		{47C3657B-3073-4E73-B24A-B79B8BA10579}.Release|x64.ActiveCfg = Release|Any CPU
		{47C3657B-3073-4E73-B24A-B79B8BA10579}.Release|x64.Build.0 = Release|Any CPU
		{47C3657B-3073-4E73-B24A-B79B8BA10579}.Release|x86.ActiveCfg = Release|Any CPU
		{47C3657B-3073-4E73-B24A-B79B8BA10579}.Release|x86.Build.0 = Release|Any CPU
		{19FE1697-528F-4524-8035-0633D5BA9625}.Debug|Any CPU.ActiveCfg = Debug|Any CPU
		{19FE1697-528F-4524-8035-0633D5BA9625}.Debug|Any CPU.Build.0 = Debug|Any CPU
		{19FE1697-528F-4524-8035-0633D5BA9625}.Debug|x64.ActiveCfg = Debug|Any CPU
		{19FE1697-528F-4524-8035-0633D5BA9625}.Debug|x64.Build.0 = Debug|Any CPU
		{19FE1697-528F-4524-8035-0633D5BA9625}.Debug|x86.ActiveCfg = Debug|Any CPU
		{19FE1697-528F-4524-8035-0633D5BA9625}.Debug|x86.Build.0 = Debug|Any CPU
		{19FE1697-528F-4524-8035-0633D5BA9625}.Release|Any CPU.ActiveCfg = Release|Any CPU
		{19FE1697-528F-4524-8035-0633D5BA9625}.Release|Any CPU.Build.0 = Release|Any CPU
		{19FE1697-528F-4524-8035-0633D5BA9625}.Release|x64.ActiveCfg = Release|Any CPU
		{19FE1697-528F-4524-8035-0633D5BA9625}.Release|x64.Build.0 = Release|Any CPU
		{19FE1697-528F-4524-8035-0633D5BA9625}.Release|x86.ActiveCfg = Release|Any CPU
		{19FE1697-528F-4524-8035-0633D5BA9625}.Release|x86.Build.0 = Release|Any CPU
		{7CF8C1A4-7390-45A1-BF24-7377CC57FDF7}.Debug|Any CPU.ActiveCfg = Debug|Any CPU
		{7CF8C1A4-7390-45A1-BF24-7377CC57FDF7}.Debug|Any CPU.Build.0 = Debug|Any CPU
		{7CF8C1A4-7390-45A1-BF24-7377CC57FDF7}.Debug|x64.ActiveCfg = Debug|Any CPU
		{7CF8C1A4-7390-45A1-BF24-7377CC57FDF7}.Debug|x64.Build.0 = Debug|Any CPU
		{7CF8C1A4-7390-45A1-BF24-7377CC57FDF7}.Debug|x86.ActiveCfg = Debug|Any CPU
		{7CF8C1A4-7390-45A1-BF24-7377CC57FDF7}.Debug|x86.Build.0 = Debug|Any CPU
		{7CF8C1A4-7390-45A1-BF24-7377CC57FDF7}.Release|Any CPU.ActiveCfg = Release|Any CPU
		{7CF8C1A4-7390-45A1-BF24-7377CC57FDF7}.Release|Any CPU.Build.0 = Release|Any CPU
		{7CF8C1A4-7390-45A1-BF24-7377CC57FDF7}.Release|x64.ActiveCfg = Release|Any CPU
		{7CF8C1A4-7390-45A1-BF24-7377CC57FDF7}.Release|x64.Build.0 = Release|Any CPU
		{7CF8C1A4-7390-45A1-BF24-7377CC57FDF7}.Release|x86.ActiveCfg = Release|Any CPU
		{7CF8C1A4-7390-45A1-BF24-7377CC57FDF7}.Release|x86.Build.0 = Release|Any CPU
		{12D88770-66EC-4787-9592-40EDA8043878}.Debug|Any CPU.ActiveCfg = Debug|Any CPU
		{12D88770-66EC-4787-9592-40EDA8043878}.Debug|Any CPU.Build.0 = Debug|Any CPU
		{12D88770-66EC-4787-9592-40EDA8043878}.Debug|x64.ActiveCfg = Debug|Any CPU
		{12D88770-66EC-4787-9592-40EDA8043878}.Debug|x64.Build.0 = Debug|Any CPU
		{12D88770-66EC-4787-9592-40EDA8043878}.Debug|x86.ActiveCfg = Debug|Any CPU
		{12D88770-66EC-4787-9592-40EDA8043878}.Debug|x86.Build.0 = Debug|Any CPU
		{12D88770-66EC-4787-9592-40EDA8043878}.Release|Any CPU.ActiveCfg = Release|Any CPU
		{12D88770-66EC-4787-9592-40EDA8043878}.Release|Any CPU.Build.0 = Release|Any CPU
		{12D88770-66EC-4787-9592-40EDA8043878}.Release|x64.ActiveCfg = Release|Any CPU
		{12D88770-66EC-4787-9592-40EDA8043878}.Release|x64.Build.0 = Release|Any CPU
		{12D88770-66EC-4787-9592-40EDA8043878}.Release|x86.ActiveCfg = Release|Any CPU
		{12D88770-66EC-4787-9592-40EDA8043878}.Release|x86.Build.0 = Release|Any CPU
	EndGlobalSection
EndGlobal
